
Microsoft Visual Studio Solution File, Format Version 12.00
# Visual Studio Version 17
VisualStudioVersion = 17.13.35825.156
MinimumVisualStudioVersion = 10.0.40219.1
Project("{FAE04EC0-301F-11D3-BF4B-00C04F79EFBC}") = "obligatorioP2", "obligatorioP2\obligatorioP2.csproj", "{D2087BAE-E7A7-453B-A356-5B444230C339}"
EndProject
Project("{FAE04EC0-301F-11D3-BF4B-00C04F79EFBC}") = "Dominio", "Dominio\Dominio.csproj", "{D646C8F9-C692-45E3-B819-5E341BB600B9}"
EndProject
Project("{FAE04EC0-301F-11D3-BF4B-00C04F79EFBC}") = "WebApplication1", "WebApplication1\WebApplication1.csproj", "{B570AF10-71DE-411B-BFA5-996F1DCBDB5D}"
EndProject
Global
	GlobalSection(SolutionConfigurationPlatforms) = preSolution
		Debug|Any CPU = Debug|Any CPU
		Release|Any CPU = Release|Any CPU
	EndGlobalSection
	GlobalSection(ProjectConfigurationPlatforms) = postSolution
		{D2087BAE-E7A7-453B-A356-5B444230C339}.Debug|Any CPU.ActiveCfg = Debug|Any CPU
		{D2087BAE-E7A7-453B-A356-5B444230C339}.Debug|Any CPU.Build.0 = Debug|Any CPU
		{D2087BAE-E7A7-453B-A356-5B444230C339}.Release|Any CPU.ActiveCfg = Release|Any CPU
		{D2087BAE-E7A7-453B-A356-5B444230C339}.Release|Any CPU.Build.0 = Release|Any CPU
		{D646C8F9-C692-45E3-B819-5E341BB600B9}.Debug|Any CPU.ActiveCfg = Debug|Any CPU
		{D646C8F9-C692-45E3-B819-5E341BB600B9}.Debug|Any CPU.Build.0 = Debug|Any CPU
		{D646C8F9-C692-45E3-B819-5E341BB600B9}.Release|Any CPU.ActiveCfg = Release|Any CPU
		{D646C8F9-C692-45E3-B819-5E341BB600B9}.Release|Any CPU.Build.0 = Release|Any CPU
		{B570AF10-71DE-411B-BFA5-996F1DCBDB5D}.Debug|Any CPU.ActiveCfg = Debug|Any CPU
		{B570AF10-71DE-411B-BFA5-996F1DCBDB5D}.Debug|Any CPU.Build.0 = Debug|Any CPU
		{B570AF10-71DE-411B-BFA5-996F1DCBDB5D}.Release|Any CPU.ActiveCfg = Release|Any CPU
		{B570AF10-71DE-411B-BFA5-996F1DCBDB5D}.Release|Any CPU.Build.0 = Release|Any CPU
	EndGlobalSection
	GlobalSection(SolutionProperties) = preSolution
		HideSolutionNode = FALSE
	EndGlobalSection
	GlobalSection(ExtensibilityGlobals) = postSolution
		SolutionGuid = {1ABC6912-0BBC-4AEF-B06B-5FFBEDFD635F}
	EndGlobalSection
EndGlobal
